
Microsoft Visual Studio Solution File, Format Version 12.00
# Visual Studio Version 17
VisualStudioVersion = 17.13.35818.85 d17.13
MinimumVisualStudioVersion = 10.0.40219.1
Project("{FAE04EC0-301F-11D3-BF4B-00C04F79EFBC}") = "MeuCorre", "MeuCorre.csproj", "{5ED52C56-C4D4-4F97-9BED-11BA97CA291D}"
EndProject
Project("{FAE04EC0-301F-11D3-BF4B-00C04F79EFBC}") = "MeuCorre.Infra", "..\MeuCorre.Infra\MeuCorre.Infra.csproj", "{E7872818-1A8B-44F8-AE2B-648ADDF38F7F}"
EndProject
Project("{FAE04EC0-301F-11D3-BF4B-00C04F79EFBC}") = "MeuCorre.Core", "..\MeuCorre.Core\MeuCorre.Core.csproj", "{ECC2E503-2B1C-4A90-873E-C6389C544141}"
EndProject
Project("{FAE04EC0-301F-11D3-BF4B-00C04F79EFBC}") = "MeuCorre.Application", "..\MeuCorre.Application\MeuCorre.Application.csproj", "{898CEC18-2640-4AF1-9884-299D91EE8C22}"
EndProject
Global
	GlobalSection(SolutionConfigurationPlatforms) = preSolution
		Debug|Any CPU = Debug|Any CPU
		Release|Any CPU = Release|Any CPU
	EndGlobalSection
	GlobalSection(ProjectConfigurationPlatforms) = postSolution
		{5ED52C56-C4D4-4F97-9BED-11BA97CA291D}.Debug|Any CPU.ActiveCfg = Debug|Any CPU
		{5ED52C56-C4D4-4F97-9BED-11BA97CA291D}.Debug|Any CPU.Build.0 = Debug|Any CPU
		{5ED52C56-C4D4-4F97-9BED-11BA97CA291D}.Release|Any CPU.ActiveCfg = Release|Any CPU
		{5ED52C56-C4D4-4F97-9BED-11BA97CA291D}.Release|Any CPU.Build.0 = Release|Any CPU
		{E7872818-1A8B-44F8-AE2B-648ADDF38F7F}.Debug|Any CPU.ActiveCfg = Debug|Any CPU
		{E7872818-1A8B-44F8-AE2B-648ADDF38F7F}.Debug|Any CPU.Build.0 = Debug|Any CPU
		{E7872818-1A8B-44F8-AE2B-648ADDF38F7F}.Release|Any CPU.ActiveCfg = Release|Any CPU
		{E7872818-1A8B-44F8-AE2B-648ADDF38F7F}.Release|Any CPU.Build.0 = Release|Any CPU
		{ECC2E503-2B1C-4A90-873E-C6389C544141}.Debug|Any CPU.ActiveCfg = Debug|Any CPU
		{ECC2E503-2B1C-4A90-873E-C6389C544141}.Debug|Any CPU.Build.0 = Debug|Any CPU
		{ECC2E503-2B1C-4A90-873E-C6389C544141}.Release|Any CPU.ActiveCfg = Release|Any CPU
		{ECC2E503-2B1C-4A90-873E-C6389C544141}.Release|Any CPU.Build.0 = Release|Any CPU
		{898CEC18-2640-4AF1-9884-299D91EE8C22}.Debug|Any CPU.ActiveCfg = Debug|Any CPU
		{898CEC18-2640-4AF1-9884-299D91EE8C22}.Debug|Any CPU.Build.0 = Debug|Any CPU
		{898CEC18-2640-4AF1-9884-299D91EE8C22}.Release|Any CPU.ActiveCfg = Release|Any CPU
		{898CEC18-2640-4AF1-9884-299D91EE8C22}.Release|Any CPU.Build.0 = Release|Any CPU
	EndGlobalSection
	GlobalSection(SolutionProperties) = preSolution
		HideSolutionNode = FALSE
	EndGlobalSection
	GlobalSection(ExtensibilityGlobals) = postSolution
		SolutionGuid = {FFF649F8-6F3F-47F8-8B09-4C24B9D59D70}
	EndGlobalSection
EndGlobal
